// !$*UTF8*$!
{
	archiveVersion = 1;
	classes = {
	};
	objectVersion = 77;
	objects = {

/* Begin PBXContainerItemProxy section */
		18219A7B2E5EE92C00B11446 /* PBXContainerItemProxy */ = {
			isa = PBXContainerItemProxy;
			containerPortal = 18219A652E5EE92B00B11446 /* Project object */;
			proxyType = 1;
			remoteGlobalIDString = 18219A6C2E5EE92B00B11446;
			remoteInfo = ServiceTrackingAppUI;
		};
		18219A852E5EE92C00B11446 /* PBXContainerItemProxy */ = {
			isa = PBXContainerItemProxy;
			containerPortal = 18219A652E5EE92B00B11446 /* Project object */;
			proxyType = 1;
			remoteGlobalIDString = 18219A6C2E5EE92B00B11446;
			remoteInfo = ServiceTrackingAppUI;
		};
/* End PBXContainerItemProxy section */

/* Begin PBXFileReference section */
		18219A6D2E5EE92B00B11446 /* ServiceTrackingAppUI.app */ = {isa = PBXFileReference; explicitFileType = wrapper.application; includeInIndex = 0; path = ServiceTrackingAppUI.app; sourceTree = BUILT_PRODUCTS_DIR; };
		18219A7A2E5EE92C00B11446 /* ServiceTrackingAppUITests.xctest */ = {isa = PBXFileReference; explicitFileType = wrapper.cfbundle; includeInIndex = 0; path = ServiceTrackingAppUITests.xctest; sourceTree = BUILT_PRODUCTS_DIR; };
		18219A842E5EE92C00B11446 /* ServiceTrackingAppUIUITests.xctest */ = {isa = PBXFileReference; explicitFileType = wrapper.cfbundle; includeInIndex = 0; path = ServiceTrackingAppUIUITests.xctest; sourceTree = BUILT_PRODUCTS_DIR; };
/* End PBXFileReference section */

/* Begin PBXFileSystemSynchronizedBuildFileExceptionSet section */
		18219AA32E5EE9C000B11446 /* Exceptions for "ServiceTrackingAppUI" folder in "ServiceTrackingAppUI" target */ = {
			isa = PBXFileSystemSynchronizedBuildFileExceptionSet;
			membershipExceptions = (
				Info.plist,
			);
			target = 18219A6C2E5EE92B00B11446 /* ServiceTrackingAppUI */;
		};
/* End PBXFileSystemSynchronizedBuildFileExceptionSet section */

/* Begin PBXFileSystemSynchronizedRootGroup section */
		18219A6F2E5EE92B00B11446 /* ServiceTrackingAppUI */ = {
			isa = PBXFileSystemSynchronizedRootGroup;
			exceptions = (
				18219AA32E5EE9C000B11446 /* Exceptions for "ServiceTrackingAppUI" folder in "ServiceTrackingAppUI" target */,
			);
			path = ServiceTrackingAppUI;
			sourceTree = "<group>";
		};
		18219A7D2E5EE92C00B11446 /* ServiceTrackingAppUITests */ = {
			isa = PBXFileSystemSynchronizedRootGroup;
			path = ServiceTrackingAppUITests;
			sourceTree = "<group>";
		};
		18219A872E5EE92C00B11446 /* ServiceTrackingAppUIUITests */ = {
			isa = PBXFileSystemSynchronizedRootGroup;
			path = ServiceTrackingAppUIUITests;
			sourceTree = "<group>";
		};
/* End PBXFileSystemSynchronizedRootGroup section */

/* Begin PBXFrameworksBuildPhase section */
		18219A6A2E5EE92B00B11446 /* Frameworks */ = {
			isa = PBXFrameworksBuildPhase;
			buildActionMask = 2147483647;
			files = (
			);
			runOnlyForDeploymentPostprocessing = 0;
		};
		18219A772E5EE92C00B11446 /* Frameworks */ = {
			isa = PBXFrameworksBuildPhase;
			buildActionMask = 2147483647;
			files = (
			);
			runOnlyForDeploymentPostprocessing = 0;
		};
		18219A812E5EE92C00B11446 /* Frameworks */ = {
			isa = PBXFrameworksBuildPhase;
			buildActionMask = 2147483647;
			files = (
			);
			runOnlyForDeploymentPostprocessing = 0;
		};
/* End PBXFrameworksBuildPhase section */

/* Begin PBXGroup section */
		18219A642E5EE92B00B11446 = {
			isa = PBXGroup;
			children = (
				18219A6F2E5EE92B00B11446 /* ServiceTrackingAppUI */,
				18219A7D2E5EE92C00B11446 /* ServiceTrackingAppUITests */,
				18219A872E5EE92C00B11446 /* ServiceTrackingAppUIUITests */,
				18219A6E2E5EE92B00B11446 /* Products */,
			);
			sourceTree = "<group>";
		};
		18219A6E2E5EE92B00B11446 /* Products */ = {
			isa = PBXGroup;
			children = (
				18219A6D2E5EE92B00B11446 /* ServiceTrackingAppUI.app */,
				18219A7A2E5EE92C00B11446 /* ServiceTrackingAppUITests.xctest */,
				18219A842E5EE92C00B11446 /* ServiceTrackingAppUIUITests.xctest */,
			);
			name = Products;
			sourceTree = "<group>";
		};
/* End PBXGroup section */

/* Begin PBXNativeTarget section */
		18219A6C2E5EE92B00B11446 /* ServiceTrackingAppUI */ = {
			isa = PBXNativeTarget;
			buildConfigurationList = 18219A8E2E5EE92C00B11446 /* Build configuration list for PBXNativeTarget "ServiceTrackingAppUI" */;
			buildPhases = (
				18219A692E5EE92B00B11446 /* Sources */,
				18219A6A2E5EE92B00B11446 /* Frameworks */,
				18219A6B2E5EE92B00B11446 /* Resources */,
			);
			buildRules = (
			);
			dependencies = (
			);
			fileSystemSynchronizedGroups = (
				18219A6F2E5EE92B00B11446 /* ServiceTrackingAppUI */,
			);
			name = ServiceTrackingAppUI;
			packageProductDependencies = (
			);
			productName = ServiceTrackingAppUI;
			productReference = 18219A6D2E5EE92B00B11446 /* ServiceTrackingAppUI.app */;
			productType = "com.apple.product-type.application";
		};
		18219A792E5EE92C00B11446 /* ServiceTrackingAppUITests */ = {
			isa = PBXNativeTarget;
			buildConfigurationList = 18219A912E5EE92C00B11446 /* Build configuration list for PBXNativeTarget "ServiceTrackingAppUITests" */;
			buildPhases = (
				18219A762E5EE92C00B11446 /* Sources */,
				18219A772E5EE92C00B11446 /* Frameworks */,
				18219A782E5EE92C00B11446 /* Resources */,
			);
			buildRules = (
			);
			dependencies = (
				18219A7C2E5EE92C00B11446 /* PBXTargetDependency */,
			);
			fileSystemSynchronizedGroups = (
				18219A7D2E5EE92C00B11446 /* ServiceTrackingAppUITests */,
			);
			name = ServiceTrackingAppUITests;
			packageProductDependencies = (
			);
			productName = ServiceTrackingAppUITests;
			productReference = 18219A7A2E5EE92C00B11446 /* ServiceTrackingAppUITests.xctest */;
			productType = "com.apple.product-type.bundle.unit-test";
		};
		18219A832E5EE92C00B11446 /* ServiceTrackingAppUIUITests */ = {
			isa = PBXNativeTarget;
			buildConfigurationList = 18219A942E5EE92C00B11446 /* Build configuration list for PBXNativeTarget "ServiceTrackingAppUIUITests" */;
			buildPhases = (
				18219A802E5EE92C00B11446 /* Sources */,
				18219A812E5EE92C00B11446 /* Frameworks */,
				18219A822E5EE92C00B11446 /* Resources */,
			);
			buildRules = (
			);
			dependencies = (
				18219A862E5EE92C00B11446 /* PBXTargetDependency */,
			);
			fileSystemSynchronizedGroups = (
				18219A872E5EE92C00B11446 /* ServiceTrackingAppUIUITests */,
			);
			name = ServiceTrackingAppUIUITests;
			packageProductDependencies = (
			);
			productName = ServiceTrackingAppUIUITests;
			productReference = 18219A842E5EE92C00B11446 /* ServiceTrackingAppUIUITests.xctest */;
			productType = "com.apple.product-type.bundle.ui-testing";
		};
/* End PBXNativeTarget section */

/* Begin PBXProject section */
		18219A652E5EE92B00B11446 /* Project object */ = {
			isa = PBXProject;
			attributes = {
				BuildIndependentTargetsInParallel = 1;
				LastSwiftUpdateCheck = 1640;
				LastUpgradeCheck = 1640;
				TargetAttributes = {
					18219A6C2E5EE92B00B11446 = {
						CreatedOnToolsVersion = 16.4;
					};
					18219A792E5EE92C00B11446 = {
						CreatedOnToolsVersion = 16.4;
						TestTargetID = 18219A6C2E5EE92B00B11446;
					};
					18219A832E5EE92C00B11446 = {
						CreatedOnToolsVersion = 16.4;
						TestTargetID = 18219A6C2E5EE92B00B11446;
					};
				};
			};
			buildConfigurationList = 18219A682E5EE92B00B11446 /* Build configuration list for PBXProject "ServiceTrackingAppUI" */;
			developmentRegion = en;
			hasScannedForEncodings = 0;
			knownRegions = (
				en,
				Base,
			);
			mainGroup = 18219A642E5EE92B00B11446;
			minimizedProjectReferenceProxies = 1;
			preferredProjectObjectVersion = 77;
			productRefGroup = 18219A6E2E5EE92B00B11446 /* Products */;
			projectDirPath = "";
			projectRoot = "";
			targets = (
				18219A6C2E5EE92B00B11446 /* ServiceTrackingAppUI */,
				18219A792E5EE92C00B11446 /* ServiceTrackingAppUITests */,
				18219A832E5EE92C00B11446 /* ServiceTrackingAppUIUITests */,
			);
		};
/* End PBXProject section */

/* Begin PBXResourcesBuildPhase section */
		18219A6B2E5EE92B00B11446 /* Resources */ = {
			isa = PBXResourcesBuildPhase;
			buildActionMask = 2147483647;
			files = (
			);
			runOnlyForDeploymentPostprocessing = 0;
		};
		18219A782E5EE92C00B11446 /* Resources */ = {
			isa = PBXResourcesBuildPhase;
			buildActionMask = 2147483647;
			files = (
			);
			runOnlyForDeploymentPostprocessing = 0;
		};
		18219A822E5EE92C00B11446 /* Resources */ = {
			isa = PBXResourcesBuildPhase;
			buildActionMask = 2147483647;
			files = (
			);
			runOnlyForDeploymentPostprocessing = 0;
		};
/* End PBXResourcesBuildPhase section */

/* Begin PBXSourcesBuildPhase section */
		18219A692E5EE92B00B11446 /* Sources */ = {
			isa = PBXSourcesBuildPhase;
			buildActionMask = 2147483647;
			files = (
			);
			runOnlyForDeploymentPostprocessing = 0;
		};
		18219A762E5EE92C00B11446 /* Sources */ = {
			isa = PBXSourcesBuildPhase;
			buildActionMask = 2147483647;
			files = (
			);
			runOnlyForDeploymentPostprocessing = 0;
		};
		18219A802E5EE92C00B11446 /* Sources */ = {
			isa = PBXSourcesBuildPhase;
			buildActionMask = 2147483647;
			files = (
			);
			runOnlyForDeploymentPostprocessing = 0;
		};
/* End PBXSourcesBuildPhase section */

/* Begin PBXTargetDependency section */
		18219A7C2E5EE92C00B11446 /* PBXTargetDependency */ = {
			isa = PBXTargetDependency;
			target = 18219A6C2E5EE92B00B11446 /* ServiceTrackingAppUI */;
			targetProxy = 18219A7B2E5EE92C00B11446 /* PBXContainerItemProxy */;
		};
		18219A862E5EE92C00B11446 /* PBXTargetDependency */ = {
			isa = PBXTargetDependency;
			target = 18219A6C2E5EE92B00B11446 /* ServiceTrackingAppUI */;
			targetProxy = 18219A852E5EE92C00B11446 /* PBXContainerItemProxy */;
		};
/* End PBXTargetDependency section */

/* Begin XCBuildConfiguration section */
		18219A8C2E5EE92C00B11446 /* Debug */ = {
			isa = XCBuildConfiguration;
			buildSettings = {
				ALWAYS_SEARCH_USER_PATHS = NO;
				ASSETCATALOG_COMPILER_GENERATE_SWIFT_ASSET_SYMBOL_EXTENSIONS = YES;
				CLANG_ANALYZER_NONNULL = YES;
				CLANG_ANALYZER_NUMBER_OBJECT_CONVERSION = YES_AGGRESSIVE;
				CLANG_CXX_LANGUAGE_STANDARD = "gnu++20";
				CLANG_ENABLE_MODULES = YES;
				CLANG_ENABLE_OBJC_ARC = YES;
				CLANG_ENABLE_OBJC_WEAK = YES;
				CLANG_WARN_BLOCK_CAPTURE_AUTORELEASING = YES;
				CLANG_WARN_BOOL_CONVERSION = YES;
				CLANG_WARN_COMMA = YES;
				CLANG_WARN_CONSTANT_CONVERSION = YES;
				CLANG_WARN_DEPRECATED_OBJC_IMPLEMENTATIONS = YES;
				CLANG_WARN_DIRECT_OBJC_ISA_USAGE = YES_ERROR;
				CLANG_WARN_DOCUMENTATION_COMMENTS = YES;
				CLANG_WARN_EMPTY_BODY = YES;
				CLANG_WARN_ENUM_CONVERSION = YES;
				CLANG_WARN_INFINITE_RECURSION = YES;
				CLANG_WARN_INT_CONVERSION = YES;
				CLANG_WARN_NON_LITERAL_NULL_CONVERSION = YES;
				CLANG_WARN_OBJC_IMPLICIT_RETAIN_SELF = YES;
				CLANG_WARN_OBJC_LITERAL_CONVERSION = YES;
				CLANG_WARN_OBJC_ROOT_CLASS = YES_ERROR;
				CLANG_WARN_QUOTED_INCLUDE_IN_FRAMEWORK_HEADER = YES;
				CLANG_WARN_RANGE_LOOP_ANALYSIS = YES;
				CLANG_WARN_STRICT_PROTOTYPES = YES;
				CLANG_WARN_SUSPICIOUS_MOVE = YES;
				CLANG_WARN_UNGUARDED_AVAILABILITY = YES_AGGRESSIVE;
				CLANG_WARN_UNREACHABLE_CODE = YES;
				CLANG_WARN__DUPLICATE_METHOD_MATCH = YES;
				COPY_PHASE_STRIP = NO;
				DEBUG_INFORMATION_FORMAT = dwarf;
				ENABLE_STRICT_OBJC_MSGSEND = YES;
				ENABLE_TESTABILITY = YES;
				ENABLE_USER_SCRIPT_SANDBOXING = YES;
				GCC_C_LANGUAGE_STANDARD = gnu17;
				GCC_DYNAMIC_NO_PIC = NO;
				GCC_NO_COMMON_BLOCKS = YES;
				GCC_OPTIMIZATION_LEVEL = 0;
				GCC_PREPROCESSOR_DEFINITIONS = (
					"DEBUG=1",
					"$(inherited)",
				);
				GCC_WARN_64_TO_32_BIT_CONVERSION = YES;
				GCC_WARN_ABOUT_RETURN_TYPE = YES_ERROR;
				GCC_WARN_UNDECLARED_SELECTOR = YES;
				GCC_WARN_UNINITIALIZED_AUTOS = YES_AGGRESSIVE;
				GCC_WARN_UNUSED_FUNCTION = YES;
				GCC_WARN_UNUSED_VARIABLE = YES;
				IPHONEOS_DEPLOYMENT_TARGET = 18.5;
				LOCALIZATION_PREFERS_STRING_CATALOGS = YES;
				MTL_ENABLE_DEBUG_INFO = INCLUDE_SOURCE;
				MTL_FAST_MATH = YES;
				ONLY_ACTIVE_ARCH = YES;
				SDKROOT = iphoneos;
				SWIFT_ACTIVE_COMPILATION_CONDITIONS = "DEBUG $(inherited)";
				SWIFT_OPTIMIZATION_LEVEL = "-Onone";
			};
			name = Debug;
		};
		18219A8D2E5EE92C00B11446 /* Release */ = {
			isa = XCBuildConfiguration;
			buildSettings = {
				ALWAYS_SEARCH_USER_PATHS = NO;
				ASSETCATALOG_COMPILER_GENERATE_SWIFT_ASSET_SYMBOL_EXTENSIONS = YES;
				CLANG_ANALYZER_NONNULL = YES;
				CLANG_ANALYZER_NUMBER_OBJECT_CONVERSION = YES_AGGRESSIVE;
				CLANG_CXX_LANGUAGE_STANDARD = "gnu++20";
				CLANG_ENABLE_MODULES = YES;
				CLANG_ENABLE_OBJC_ARC = YES;
				CLANG_ENABLE_OBJC_WEAK = YES;
				CLANG_WARN_BLOCK_CAPTURE_AUTORELEASING = YES;
				CLANG_WARN_BOOL_CONVERSION = YES;
				CLANG_WARN_COMMA = YES;
				CLANG_WARN_CONSTANT_CONVERSION = YES;
				CLANG_WARN_DEPRECATED_OBJC_IMPLEMENTATIONS = YES;
				CLANG_WARN_DIRECT_OBJC_ISA_USAGE = YES_ERROR;
				CLANG_WARN_DOCUMENTATION_COMMENTS = YES;
				CLANG_WARN_EMPTY_BODY = YES;
				CLANG_WARN_ENUM_CONVERSION = YES;
				CLANG_WARN_INFINITE_RECURSION = YES;
				CLANG_WARN_INT_CONVERSION = YES;
				CLANG_WARN_NON_LITERAL_NULL_CONVERSION = YES;
				CLANG_WARN_OBJC_IMPLICIT_RETAIN_SELF = YES;
				CLANG_WARN_OBJC_LITERAL_CONVERSION = YES;
				CLANG_WARN_OBJC_ROOT_CLASS = YES_ERROR;
				CLANG_WARN_QUOTED_INCLUDE_IN_FRAMEWORK_HEADER = YES;
				CLANG_WARN_RANGE_LOOP_ANALYSIS = YES;
				CLANG_WARN_STRICT_PROTOTYPES = YES;
				CLANG_WARN_SUSPICIOUS_MOVE = YES;
				CLANG_WARN_UNGUARDED_AVAILABILITY = YES_AGGRESSIVE;
				CLANG_WARN_UNREACHABLE_CODE = YES;
				CLANG_WARN__DUPLICATE_METHOD_MATCH = YES;
				COPY_PHASE_STRIP = NO;
				DEBUG_INFORMATION_FORMAT = "dwarf-with-dsym";
				ENABLE_NS_ASSERTIONS = NO;
				ENABLE_STRICT_OBJC_MSGSEND = YES;
				ENABLE_USER_SCRIPT_SANDBOXING = YES;
				GCC_C_LANGUAGE_STANDARD = gnu17;
				GCC_NO_COMMON_BLOCKS = YES;
				GCC_WARN_64_TO_32_BIT_CONVERSION = YES;
				GCC_WARN_ABOUT_RETURN_TYPE = YES_ERROR;
				GCC_WARN_UNDECLARED_SELECTOR = YES;
				GCC_WARN_UNINITIALIZED_AUTOS = YES_AGGRESSIVE;
				GCC_WARN_UNUSED_FUNCTION = YES;
				GCC_WARN_UNUSED_VARIABLE = YES;
				IPHONEOS_DEPLOYMENT_TARGET = 18.5;
				LOCALIZATION_PREFERS_STRING_CATALOGS = YES;
				MTL_ENABLE_DEBUG_INFO = NO;
				MTL_FAST_MATH = YES;
				SDKROOT = iphoneos;
				SWIFT_COMPILATION_MODE = wholemodule;
				VALIDATE_PRODUCT = YES;
			};
			name = Release;
		};
		18219A8F2E5EE92C00B11446 /* Debug */ = {
			isa = XCBuildConfiguration;
			buildSettings = {
				ASSETCATALOG_COMPILER_APPICON_NAME = AppIcon;
				ASSETCATALOG_COMPILER_GLOBAL_ACCENT_COLOR_NAME = AccentColor;
				CODE_SIGN_STYLE = Automatic;
				CURRENT_PROJECT_VERSION = 1;
				ENABLE_PREVIEWS = YES;
				GENERATE_INFOPLIST_FILE = YES;
				INFOPLIST_FILE = ServiceTrackingAppUI/Info.plist;
				INFOPLIST_KEY_UIApplicationSceneManifest_Generation = YES;
				INFOPLIST_KEY_UIApplicationSupportsIndirectInputEvents = YES;
				INFOPLIST_KEY_UILaunchScreen_Generation = YES;
				INFOPLIST_KEY_UISupportedInterfaceOrientations_iPad = "UIInterfaceOrientationPortrait UIInterfaceOrientationPortraitUpsideDown UIInterfaceOrientationLandscapeLeft UIInterfaceOrientationLandscapeRight";
				INFOPLIST_KEY_UISupportedInterfaceOrientations_iPhone = "UIInterfaceOrientationPortrait UIInterfaceOrientationLandscapeLeft UIInterfaceOrientationLandscapeRight";
				LD_RUNPATH_SEARCH_PATHS = (
					"$(inherited)",
					"@executable_path/Frameworks",
				);
				MARKETING_VERSION = 1.0;
				PRODUCT_BUNDLE_IDENTIFIER = com.cerenmutludevelopment.ServiceTrackingAppUI;
				PRODUCT_NAME = "$(TARGET_NAME)";
				SWIFT_EMIT_LOC_STRINGS = YES;
				SWIFT_VERSION = 5.0;
				TARGETED_DEVICE_FAMILY = "1,2";
			};
			name = Debug;
		};
		18219A902E5EE92C00B11446 /* Release */ = {
			isa = XCBuildConfiguration;
			buildSettings = {
				ASSETCATALOG_COMPILER_APPICON_NAME = AppIcon;
				ASSETCATALOG_COMPILER_GLOBAL_ACCENT_COLOR_NAME = AccentColor;
				CODE_SIGN_STYLE = Automatic;
				CURRENT_PROJECT_VERSION = 1;
				ENABLE_PREVIEWS = YES;
				GENERATE_INFOPLIST_FILE = YES;
				INFOPLIST_FILE = ServiceTrackingAppUI/Info.plist;
				INFOPLIST_KEY_UIApplicationSceneManifest_Generation = YES;
				INFOPLIST_KEY_UIApplicationSupportsIndirectInputEvents = YES;
				INFOPLIST_KEY_UILaunchScreen_Generation = YES;
				INFOPLIST_KEY_UISupportedInterfaceOrientations_iPad = "UIInterfaceOrientationPortrait UIInterfaceOrientationPortraitUpsideDown UIInterfaceOrientationLandscapeLeft UIInterfaceOrientationLandscapeRight";
				INFOPLIST_KEY_UISupportedInterfaceOrientations_iPhone = "UIInterfaceOrientationPortrait UIInterfaceOrientationLandscapeLeft UIInterfaceOrientationLandscapeRight";
				LD_RUNPATH_SEARCH_PATHS = (
					"$(inherited)",
					"@executable_path/Frameworks",
				);
				MARKETING_VERSION = 1.0;
				PRODUCT_BUNDLE_IDENTIFIER = com.cerenmutludevelopment.ServiceTrackingAppUI;
				PRODUCT_NAME = "$(TARGET_NAME)";
				SWIFT_EMIT_LOC_STRINGS = YES;
				SWIFT_VERSION = 5.0;
				TARGETED_DEVICE_FAMILY = "1,2";
			};
			name = Release;
		};
		18219A922E5EE92C00B11446 /* Debug */ = {
			isa = XCBuildConfiguration;
			buildSettings = {
				BUNDLE_LOADER = "$(TEST_HOST)";
				CODE_SIGN_STYLE = Automatic;
				CURRENT_PROJECT_VERSION = 1;
				GENERATE_INFOPLIST_FILE = YES;
				IPHONEOS_DEPLOYMENT_TARGET = 18.5;
				MARKETING_VERSION = 1.0;
				PRODUCT_BUNDLE_IDENTIFIER = com.cerenmutludevelopment.ServiceTrackingAppUITests;
				PRODUCT_NAME = "$(TARGET_NAME)";
				SWIFT_EMIT_LOC_STRINGS = NO;
				SWIFT_VERSION = 5.0;
				TARGETED_DEVICE_FAMILY = "1,2";
				TEST_HOST = "$(BUILT_PRODUCTS_DIR)/ServiceTrackingAppUI.app/$(BUNDLE_EXECUTABLE_FOLDER_PATH)/ServiceTrackingAppUI";
			};
			name = Debug;
		};
		18219A932E5EE92C00B11446 /* Release */ = {
			isa = XCBuildConfiguration;
			buildSettings = {
				BUNDLE_LOADER = "$(TEST_HOST)";
				CODE_SIGN_STYLE = Automatic;
				CURRENT_PROJECT_VERSION = 1;
				GENERATE_INFOPLIST_FILE = YES;
				IPHONEOS_DEPLOYMENT_TARGET = 18.5;
				MARKETING_VERSION = 1.0;
				PRODUCT_BUNDLE_IDENTIFIER = com.cerenmutludevelopment.ServiceTrackingAppUITests;
				PRODUCT_NAME = "$(TARGET_NAME)";
				SWIFT_EMIT_LOC_STRINGS = NO;
				SWIFT_VERSION = 5.0;
				TARGETED_DEVICE_FAMILY = "1,2";
				TEST_HOST = "$(BUILT_PRODUCTS_DIR)/ServiceTrackingAppUI.app/$(BUNDLE_EXECUTABLE_FOLDER_PATH)/ServiceTrackingAppUI";
			};
			name = Release;
		};
		18219A952E5EE92C00B11446 /* Debug */ = {
			isa = XCBuildConfiguration;
			buildSettings = {
				CODE_SIGN_STYLE = Automatic;
				CURRENT_PROJECT_VERSION = 1;
				GENERATE_INFOPLIST_FILE = YES;
				MARKETING_VERSION = 1.0;
				PRODUCT_BUNDLE_IDENTIFIER = com.cerenmutludevelopment.ServiceTrackingAppUIUITests;
				PRODUCT_NAME = "$(TARGET_NAME)";
				SWIFT_EMIT_LOC_STRINGS = NO;
				SWIFT_VERSION = 5.0;
				TARGETED_DEVICE_FAMILY = "1,2";
				TEST_TARGET_NAME = ServiceTrackingAppUI;
			};
			name = Debug;
		};
		18219A962E5EE92C00B11446 /* Release */ = {
			isa = XCBuildConfiguration;
			buildSettings = {
				CODE_SIGN_STYLE = Automatic;
				CURRENT_PROJECT_VERSION = 1;
				GENERATE_INFOPLIST_FILE = YES;
				MARKETING_VERSION = 1.0;
				PRODUCT_BUNDLE_IDENTIFIER = com.cerenmutludevelopment.ServiceTrackingAppUIUITests;
				PRODUCT_NAME = "$(TARGET_NAME)";
				SWIFT_EMIT_LOC_STRINGS = NO;
				SWIFT_VERSION = 5.0;
				TARGETED_DEVICE_FAMILY = "1,2";
				TEST_TARGET_NAME = ServiceTrackingAppUI;
			};
			name = Release;
		};
/* End XCBuildConfiguration section */

/* Begin XCConfigurationList section */
		18219A682E5EE92B00B11446 /* Build configuration list for PBXProject "ServiceTrackingAppUI" */ = {
			isa = XCConfigurationList;
			buildConfigurations = (
				18219A8C2E5EE92C00B11446 /* Debug */,
				18219A8D2E5EE92C00B11446 /* Release */,
			);
			defaultConfigurationIsVisible = 0;
			defaultConfigurationName = Release;
		};
		18219A8E2E5EE92C00B11446 /* Build configuration list for PBXNativeTarget "ServiceTrackingAppUI" */ = {
			isa = XCConfigurationList;
			buildConfigurations = (
				18219A8F2E5EE92C00B11446 /* Debug */,
				18219A902E5EE92C00B11446 /* Release */,
			);
			defaultConfigurationIsVisible = 0;
			defaultConfigurationName = Release;
		};
		18219A912E5EE92C00B11446 /* Build configuration list for PBXNativeTarget "ServiceTrackingAppUITests" */ = {
			isa = XCConfigurationList;
			buildConfigurations = (
				18219A922E5EE92C00B11446 /* Debug */,
				18219A932E5EE92C00B11446 /* Release */,
			);
			defaultConfigurationIsVisible = 0;
			defaultConfigurationName = Release;
		};
		18219A942E5EE92C00B11446 /* Build configuration list for PBXNativeTarget "ServiceTrackingAppUIUITests" */ = {
			isa = XCConfigurationList;
			buildConfigurations = (
				18219A952E5EE92C00B11446 /* Debug */,
				18219A962E5EE92C00B11446 /* Release */,
			);
			defaultConfigurationIsVisible = 0;
			defaultConfigurationName = Release;
		};
/* End XCConfigurationList section */
	};
	rootObject = 18219A652E5EE92B00B11446 /* Project object */;
}
